{
  "name": "js",
  "version": "1.0.0",
  "lockfileVersion": 2,
  "requires": true,
  "packages": {
    "": {
      "name": "js",
      "version": "1.0.0",
      "license": "ISC",
      "dependencies": {
        "linna-runtime": "github:doublemo/linna-common"
      },
      "devDependencies": {
        "typescript": "^4.6.4"
      }
    },
    "node_modules/linna-runtime": {
      "version": "0.1.0",
      "resolved": "git+ssh://git@github.com/doublemo/linna-common.git#e9f92ed3413872f53b786008c3c6ca9ae9e2f3eb",
      "license": "Apache-2.0"
    },
    "node_modules/typescript": {
      "version": "4.6.4",
      "resolved": "https://registry.npmjs.org/typescript/-/typescript-4.6.4.tgz",
      "integrity": "sha512-9ia/jWHIEbo49HfjrLGfKbZSuWo9iTMwXO+Ca3pRsSpbsMbc7/IU8NKdCZVRRBafVPGnoJeFL76ZOAA84I9fEg==",
      "dev": true,
      "bin": {
        "tsc": "bin/tsc",
        "tsserver": "bin/tsserver"
      },
      "engines": {
        "node": ">=4.2.0"
      }
    }
  },
  "dependencies": {
    "linna-runtime": {
      "version": "git+ssh://git@github.com/doublemo/linna-common.git#e9f92ed3413872f53b786008c3c6ca9ae9e2f3eb",
      "from": "linna-runtime@https://github.com/doublemo/linna-common"
    },
    "typescript": {
      "version": "4.6.4",
      "resolved": "https://registry.npmjs.org/typescript/-/typescript-4.6.4.tgz",
      "integrity": "sha512-9ia/jWHIEbo49HfjrLGfKbZSuWo9iTMwXO+Ca3pRsSpbsMbc7/IU8NKdCZVRRBafVPGnoJeFL76ZOAA84I9fEg==",
      "dev": true
    }
  }
}
